<?xml version="1.0" encoding="utf-8"?>
<Project ToolsVersion="4.0" xmlns="http://schemas.microsoft.com/developer/msbuild/2003">
  <ItemGroup>
    <Filter Include="Source Files">
      <UniqueIdentifier>{4FC737F1-C7A5-4376-A066-2A32D752A2FF}</UniqueIdentifier>
      <Extensions>cpp;c;cc;cxx;def;odl;idl;hpj;bat;asm;asmx</Extensions>
    </Filter>
    <Filter Include="Header Files">
      <UniqueIdentifier>{93995380-89BD-4b04-88EB-625FBE52EBFB}</UniqueIdentifier>
      <Extensions>h;hh;hpp;hxx;hm;inl;inc;xsd</Extensions>
    </Filter>
    <Filter Include="Resource Files">
      <UniqueIdentifier>{D9D6E242-F8AF-46E4-B9FD-80ECBC20BA3E}</UniqueIdentifier>
      <Extensions>qrc;*</Extensions>
      <ParseFiles>false</ParseFiles>
    </Filter>
    <Filter Include="Form Files">
      <UniqueIdentifier>{99349809-55BA-4b9d-BF79-8FDBB0286EB3}</UniqueIdentifier>
      <Extensions>ui</Extensions>
    </Filter>
    <Filter Include="Resource Files">
      <UniqueIdentifier>{D9D6E242-F8AF-46E4-B9FD-80ECBC20BA3E}</UniqueIdentifier>
      <Extensions>qrc;*</Extensions>
      <ParseFiles>false</ParseFiles>
    </Filter>
    <Filter Include="Generated Files">
      <UniqueIdentifier>{71ED8ED8-ACB9-4CE9-BBE1-E00B30144E11}</UniqueIdentifier>
      <Extensions>moc;h;cpp</Extensions>
      <SourceControlFiles>False</SourceControlFiles>
    </Filter>
  </ItemGroup>
  <ItemGroup>
    <ClCompile Include="main.cpp">
      <Filter>Source Files</Filter>
    </ClCompile>
    <ClCompile Include="ScanFacade.cpp">
      <Filter>Source Files</Filter>
    </ClCompile>
    <ClCompile Include="twain\CommonTWAIN.cpp">
      <Filter>Source Files</Filter>
    </ClCompile>
    <ClCompile Include="twain\ContainerWrapper.cpp">
      <Filter>Source Files</Filter>
    </ClCompile>
    <ClCompile Include="twain\CTiffWriter.cpp">
      <Filter>Source Files</Filter>
    </ClCompile>
    <ClCompile Include="twain\DSMInterface.cpp">
      <Filter>Source Files</Filter>
    </ClCompile>
    <ClCompile Include="twain\VerifySignature.cpp">
      <Filter>Source Files</Filter>
    </ClCompile>
    <ClCompile Include="twain\TWAINSession.cpp">
      <Filter>Source Files</Filter>
    </ClCompile>
    <ClCompile Include="twain\TwainString.cpp">
      <Filter>Source Files</Filter>
    </ClCompile>
    <ClCompile Include="CTWAINSessionSupper.cpp">
      <Filter>Source Files</Filter>
    </ClCompile>
    <ClCompile Include="ScanApp.cpp">
      <Filter>Source Files</Filter>
    </ClCompile>
    <ClCompile Include="qurlinfo.cpp">
      <Filter>Source Files</Filter>
    </ClCompile>
    <ClCompile Include="ServerThread.cpp">
      <Filter>Source Files</Filter>
    </ClCompile>
    <ClCompile Include="InvokeDefine.cpp">
      <Filter>Source Files</Filter>
    </ClCompile>
    <ClCompile Include="InvokeInterface.cpp">
      <Filter>Source Files</Filter>
    </ClCompile>
    <ClCompile Include="LogWriter.cpp">
      <Filter>Source Files</Filter>
    </ClCompile>
    <ClCompile Include="MatchersDialog.cpp">
      <Filter>Source Files</Filter>
    </ClCompile>
  </ItemGroup>
  <ItemGroup>
    <QtMoc Include="ScanApp.h">
      <Filter>Header Files</Filter>
    </QtMoc>
    <QtMoc Include="ScanFacade.h">
      <Filter>Header Files</Filter>
    </QtMoc>
    <QtMoc Include="ServerThread.h">
      <Filter>Header Files</Filter>
    </QtMoc>
    <QtMoc Include="LogWriter.h">
      <Filter>Header Files</Filter>
    </QtMoc>
  </ItemGroup>
  <ItemGroup>
    <QtUic Include="ScanFacade.ui">
      <Filter>Form Files</Filter>
    </QtUic>
    <QtUic Include="DeviceDialog.ui">
      <Filter>Form Files</Filter>
    </QtUic>
    <QtUic Include="MatchersDialog.ui">
      <Filter>Form Files</Filter>
    </QtUic>
  </ItemGroup>
  <ItemGroup>
    <QtRcc Include="ScanFacade.qrc">
      <Filter>Resource Files</Filter>
    </QtRcc>
  </ItemGroup>
  <ItemGroup>
    <ClInclude Include="twain\Common.h">
      <Filter>Header Files</Filter>
    </ClInclude>
    <ClInclude Include="twain\CommonTWAIN.h">
      <Filter>Header Files</Filter>
    </ClInclude>
    <ClInclude Include="twain\ContainerWrapper.h">
      <Filter>Header Files</Filter>
    </ClInclude>
    <ClInclude Include="twain\CTiffWriter.h">
      <Filter>Header Files</Filter>
    </ClInclude>
    <ClInclude Include="twain\DSMInterface.h">
      <Filter>Header Files</Filter>
    </ClInclude>
    <ClInclude Include="twain\twain.h">
      <Filter>Header Files</Filter>
    </ClInclude>
    <ClInclude Include="ScanCore.h">
      <Filter>Header Files</Filter>
    </ClInclude>
    <ClInclude Include="twain\TWAINSession.h">
      <Filter>Header Files</Filter>
    </ClInclude>
    <ClInclude Include="twain\TwainString.h">
      <Filter>Header Files</Filter>
    </ClInclude>
    <ClInclude Include="CTWAINSessionSupper.h">
      <Filter>Header Files</Filter>
    </ClInclude>
    <ClInclude Include="GeneratedFiles\ui_ScanFacade.h">
      <Filter>Generated Files</Filter>
    </ClInclude>
    <ClInclude Include="qurlinfo.h">
      <Filter>Header Files</Filter>
    </ClInclude>
    <ClInclude Include="InvokeDefine.h">
      <Filter>Header Files</Filter>
    </ClInclude>
    <ClInclude Include="InvokeInterface.h">
      <Filter>Header Files</Filter>
    </ClInclude>
    <ClInclude Include="resource.h">
      <Filter>Header Files</Filter>
    </ClInclude>
    <ClInclude Include="GeneratedFiles\ui_DeviceDialog.h">
      <Filter>Generated Files</Filter>
    </ClInclude>
    <ClInclude Include="GeneratedFiles\ui_MatchersDialog.h">
      <Filter>Generated Files</Filter>
    </ClInclude>
    <ClInclude Include="MatchersDialog.h">
      <Filter>Header Files</Filter>
    </ClInclude>
  </ItemGroup>
  <ItemGroup>
    <ResourceCompile Include="ScanFacade.rc" />
  </ItemGroup>
  <ItemGroup>
    <Image Include="icon1.ico" />
  </ItemGroup>
</Project>